
Microsoft Visual Studio Solution File, Format Version 12.00
Project("{FAE04EC0-301F-11D3-BF4B-00C04F79EFBC}") = "WebApp", "WebApp\WebApp.csproj", "{C7C8C83B-E608-4807-89DA-28FB3FBDB505}"
EndProject
Project("{FAE04EC0-301F-11D3-BF4B-00C04F79EFBC}") = "App.Domain", "App.Domain\App.Domain.csproj", "{0977B85B-C962-453E-9AD5-506A826E323D}"
EndProject
Project("{2150E333-8FDC-42A3-9474-1A3956D46DE8}") = "App", "App", "{38E02C54-5615-4364-BF31-E7083263A7CC}"
EndProject
Project("{2150E333-8FDC-42A3-9474-1A3956D46DE8}") = "Base", "Base", "{BCD389A2-D004-4994-9875-F771EB014970}"
EndProject
Project("{FAE04EC0-301F-11D3-BF4B-00C04F79EFBC}") = "Base.Domain", "Base.Domain\Base.Domain.csproj", "{EA9B4A1D-743F-46E1-A452-3ED3D137639E}"
EndProject
Project("{FAE04EC0-301F-11D3-BF4B-00C04F79EFBC}") = "Base.Helpers", "Base.Helpers\Base.Helpers.csproj", "{A6338430-6371-459F-AFC0-4BCAAB6C24D9}"
EndProject
Project("{FAE04EC0-301F-11D3-BF4B-00C04F79EFBC}") = "Base.Contracts", "Base.Contracts\Base.Contracts.csproj", "{4C4B82C5-1C0A-4E93-915C-BD6E623CF5BC}"
EndProject
Project("{FAE04EC0-301F-11D3-BF4B-00C04F79EFBC}") = "App.DAL.EF", "App.DAL.EF\App.DAL.EF.csproj", "{4113F8B9-90B7-496F-BBE0-F24DB91BED26}"
EndProject
Global
	GlobalSection(SolutionConfigurationPlatforms) = preSolution
		Debug|Any CPU = Debug|Any CPU
		Release|Any CPU = Release|Any CPU
	EndGlobalSection
	GlobalSection(ProjectConfigurationPlatforms) = postSolution
		{C7C8C83B-E608-4807-89DA-28FB3FBDB505}.Debug|Any CPU.ActiveCfg = Debug|Any CPU
		{C7C8C83B-E608-4807-89DA-28FB3FBDB505}.Debug|Any CPU.Build.0 = Debug|Any CPU
		{C7C8C83B-E608-4807-89DA-28FB3FBDB505}.Release|Any CPU.ActiveCfg = Release|Any CPU
		{C7C8C83B-E608-4807-89DA-28FB3FBDB505}.Release|Any CPU.Build.0 = Release|Any CPU
		{0977B85B-C962-453E-9AD5-506A826E323D}.Debug|Any CPU.ActiveCfg = Debug|Any CPU
		{0977B85B-C962-453E-9AD5-506A826E323D}.Debug|Any CPU.Build.0 = Debug|Any CPU
		{0977B85B-C962-453E-9AD5-506A826E323D}.Release|Any CPU.ActiveCfg = Release|Any CPU
		{0977B85B-C962-453E-9AD5-506A826E323D}.Release|Any CPU.Build.0 = Release|Any CPU
		{EA9B4A1D-743F-46E1-A452-3ED3D137639E}.Debug|Any CPU.ActiveCfg = Debug|Any CPU
		{EA9B4A1D-743F-46E1-A452-3ED3D137639E}.Debug|Any CPU.Build.0 = Debug|Any CPU
		{EA9B4A1D-743F-46E1-A452-3ED3D137639E}.Release|Any CPU.ActiveCfg = Release|Any CPU
		{EA9B4A1D-743F-46E1-A452-3ED3D137639E}.Release|Any CPU.Build.0 = Release|Any CPU
		{A6338430-6371-459F-AFC0-4BCAAB6C24D9}.Debug|Any CPU.ActiveCfg = Debug|Any CPU
		{A6338430-6371-459F-AFC0-4BCAAB6C24D9}.Debug|Any CPU.Build.0 = Debug|Any CPU
		{A6338430-6371-459F-AFC0-4BCAAB6C24D9}.Release|Any CPU.ActiveCfg = Release|Any CPU
		{A6338430-6371-459F-AFC0-4BCAAB6C24D9}.Release|Any CPU.Build.0 = Release|Any CPU
		{4C4B82C5-1C0A-4E93-915C-BD6E623CF5BC}.Debug|Any CPU.ActiveCfg = Debug|Any CPU
		{4C4B82C5-1C0A-4E93-915C-BD6E623CF5BC}.Debug|Any CPU.Build.0 = Debug|Any CPU
		{4C4B82C5-1C0A-4E93-915C-BD6E623CF5BC}.Release|Any CPU.ActiveCfg = Release|Any CPU
		{4C4B82C5-1C0A-4E93-915C-BD6E623CF5BC}.Release|Any CPU.Build.0 = Release|Any CPU
		{4113F8B9-90B7-496F-BBE0-F24DB91BED26}.Debug|Any CPU.ActiveCfg = Debug|Any CPU
		{4113F8B9-90B7-496F-BBE0-F24DB91BED26}.Debug|Any CPU.Build.0 = Debug|Any CPU
		{4113F8B9-90B7-496F-BBE0-F24DB91BED26}.Release|Any CPU.ActiveCfg = Release|Any CPU
		{4113F8B9-90B7-496F-BBE0-F24DB91BED26}.Release|Any CPU.Build.0 = Release|Any CPU
	EndGlobalSection
	GlobalSection(NestedProjects) = preSolution
		{0977B85B-C962-453E-9AD5-506A826E323D} = {38E02C54-5615-4364-BF31-E7083263A7CC}
		{C7C8C83B-E608-4807-89DA-28FB3FBDB505} = {38E02C54-5615-4364-BF31-E7083263A7CC}
		{EA9B4A1D-743F-46E1-A452-3ED3D137639E} = {BCD389A2-D004-4994-9875-F771EB014970}
		{A6338430-6371-459F-AFC0-4BCAAB6C24D9} = {BCD389A2-D004-4994-9875-F771EB014970}
		{4C4B82C5-1C0A-4E93-915C-BD6E623CF5BC} = {BCD389A2-D004-4994-9875-F771EB014970}
		{4113F8B9-90B7-496F-BBE0-F24DB91BED26} = {38E02C54-5615-4364-BF31-E7083263A7CC}
	EndGlobalSection
EndGlobal
